
Microsoft Visual Studio Solution File, Format Version 12.00
# Visual Studio Version 17
VisualStudioVersion = 17.14.36518.9
MinimumVisualStudioVersion = 10.0.40219.1
Project("{2150E333-8FDC-42A3-9474-1A3956D46DE8}") = "Task1", "Task1", "{02EA681E-C7D8-13C7-8484-4AC65E1B71E8}"
EndProject
Project("{2150E333-8FDC-42A3-9474-1A3956D46DE8}") = "Task0", "Task0", "{C4FD0697-417C-440A-ADF3-8B4E10AF30FA}"
EndProject
Project("{2150E333-8FDC-42A3-9474-1A3956D46DE8}") = "Task2", "Task2", "{711C6668-E691-4E6D-8612-39BA687A2396}"
EndProject
Project("{2150E333-8FDC-42A3-9474-1A3956D46DE8}") = "Task3", "Task3", "{A2C20E0A-E7A0-4DDF-A538-2410F5363BB1}"
EndProject
Project("{2150E333-8FDC-42A3-9474-1A3956D46DE8}") = "Task4", "Task4", "{E0FCB5FF-BCDE-4DF6-AD6E-079959C07D33}"
EndProject
Project("{2150E333-8FDC-42A3-9474-1A3956D46DE8}") = "Task5", "Task5", "{DC32414C-A076-42DA-A7A8-8B53D386417C}"
EndProject
Project("{2150E333-8FDC-42A3-9474-1A3956D46DE8}") = "Task6", "Task6", "{AE5B3BEA-15C1-4D74-BB81-BBFE013B3921}"
EndProject
Project("{2150E333-8FDC-42A3-9474-1A3956D46DE8}") = "Task7", "Task7", "{961AD1ED-CF23-4747-977A-A91308C0E05E}"
EndProject
Project("{FAE04EC0-301F-11D3-BF4B-00C04F79EFBC}") = "Tyuiu.AndreevIA.Sprint4.Task0.V10", "Tyuiu.AndreevIA.Sprint4.Task0.V10\Tyuiu.AndreevIA.Sprint4.Task0.V10.csproj", "{12C907CE-3DE7-4960-9206-27E184655A9D}"
EndProject
Project("{FAE04EC0-301F-11D3-BF4B-00C04F79EFBC}") = "Tyuiu.AndreevIA.Sprint4.Task0.V10.Lib", "Tyuiu.AndreevIA.Sprint4.Task0.V10.Lib\Tyuiu.AndreevIA.Sprint4.Task0.V10.Lib.csproj", "{A22018C6-FE9E-4007-95C0-F2242CBC295A}"
EndProject
Project("{FAE04EC0-301F-11D3-BF4B-00C04F79EFBC}") = "Tyuiu.AndreevIA.Sprint4.Task0.V10.Test", "Tyuiu.AndreevIA.Sprint4.Task0.V10.Test\Tyuiu.AndreevIA.Sprint4.Task0.V10.Test.csproj", "{A841E393-FC39-4A89-85A4-5D96885974B7}"
EndProject
Project("{FAE04EC0-301F-11D3-BF4B-00C04F79EFBC}") = "Tyuiu.AndreevIA.Sprint4.Task1.V3", "Tyuiu.AndreevIA.Sprint4.Task1.V3\Tyuiu.AndreevIA.Sprint4.Task1.V3.csproj", "{964DD2AD-0DEA-4F06-8D2E-EAF253DD7BE1}"
EndProject
Project("{FAE04EC0-301F-11D3-BF4B-00C04F79EFBC}") = "Tyuiu.AndreevIA.Sprint4.Task1.V3.Lib", "Tyuiu.AndreevIA.Sprint4.Task1.V3.Lib\Tyuiu.AndreevIA.Sprint4.Task1.V3.Lib.csproj", "{FA336BFD-4474-4BB1-96CC-56DD172AB5FE}"
EndProject
Project("{FAE04EC0-301F-11D3-BF4B-00C04F79EFBC}") = "Tyuiu.AndreevIA.Sprint4.Task1.V3.Test", "Tyuiu.AndreevIA.Sprint4.Task1.V3.Test\Tyuiu.AndreevIA.Sprint4.Task1.V3.Test.csproj", "{FFE306F4-EBC4-4D0C-9C19-3DF25B171283}"
EndProject
Project("{FAE04EC0-301F-11D3-BF4B-00C04F79EFBC}") = "Tyuiu.AndreevIA.Sprint4.Task2.V26", "Tyuiu.AndreevIA.Sprint4.Task2.V26\Tyuiu.AndreevIA.Sprint4.Task2.V26.csproj", "{658B238D-8BAA-4740-8A41-EF2166BBFE91}"
EndProject
Project("{FAE04EC0-301F-11D3-BF4B-00C04F79EFBC}") = "Tyuiu.AndreevIA.Sprint4.Task2.V26.Lib", "Tyuiu.AndreevIA.Sprint4.Task2.V26.Lib\Tyuiu.AndreevIA.Sprint4.Task2.V26.Lib.csproj", "{775F3EA0-A875-4C4E-B89D-20A523073B2A}"
EndProject
Project("{FAE04EC0-301F-11D3-BF4B-00C04F79EFBC}") = "Tyuiu.AndreevIA.Sprint4.Task2.V26.Test", "Tyuiu.AndreevIA.Sprint4.Task2.V26.Test\Tyuiu.AndreevIA.Sprint4.Task2.V26.Test.csproj", "{B9268E74-39A1-4D34-A11A-B3AC226A8CE1}"
EndProject
Project("{FAE04EC0-301F-11D3-BF4B-00C04F79EFBC}") = "Tyuiu.AndreevIA.Sprint4.Task3.V9", "Tyuiu.AndreevIA.Sprint4.Task3.V9\Tyuiu.AndreevIA.Sprint4.Task3.V9.csproj", "{888900E0-CCBC-40E9-B8BC-C85405A1A3B3}"
EndProject
Project("{FAE04EC0-301F-11D3-BF4B-00C04F79EFBC}") = "Tyuiu.AndreevIA.Sprint4.Task3.V9.Lib", "Tyuiu.AndreevIA.Sprint4.Task3.V9.Lib\Tyuiu.AndreevIA.Sprint4.Task3.V9.Lib.csproj", "{E8238736-7066-4A49-88E2-A6FBE32A7596}"
EndProject
Project("{FAE04EC0-301F-11D3-BF4B-00C04F79EFBC}") = "Tyuiu.AndreevIA.Sprint4.Task3.V9.Test", "Tyuiu.AndreevIA.Sprint4.Task3.V9.Test\Tyuiu.AndreevIA.Sprint4.Task3.V9.Test.csproj", "{03F9CEB4-A4F4-4C43-8A44-03E975A29312}"
EndProject
Project("{FAE04EC0-301F-11D3-BF4B-00C04F79EFBC}") = "Tyuiu.AndreevIA.Sprint4.Task4.V24", "Tyuiu.AndreevIA.Sprint4.Task4.V24\Tyuiu.AndreevIA.Sprint4.Task4.V24.csproj", "{DAA3BE55-409A-4F0A-B800-07A1525616C7}"
EndProject
Project("{FAE04EC0-301F-11D3-BF4B-00C04F79EFBC}") = "Tyuiu.AndreevIA.Sprint4.Task4.V24.Lib", "Tyuiu.AndreevIA.Sprint4.Task4.V24.Lib\Tyuiu.AndreevIA.Sprint4.Task4.V24.Lib.csproj", "{75B0AE8C-CDC6-4B21-9DC3-3AF23A1F418D}"
EndProject
Project("{FAE04EC0-301F-11D3-BF4B-00C04F79EFBC}") = "Tyuiu.AndreevIA.Sprint4.Task4.V24.Test", "Tyuiu.AndreevIA.Sprint4.Task4.V24.Test\Tyuiu.AndreevIA.Sprint4.Task4.V24.Test.csproj", "{D5C2C7C4-50B7-43B6-8FE7-4AF7EBDE74D9}"
EndProject
Project("{FAE04EC0-301F-11D3-BF4B-00C04F79EFBC}") = "Tyuiu.AndreevIA.Sprint4.Task5.V2", "Tyuiu.AndreevIA.Sprint4.Task5.V2\Tyuiu.AndreevIA.Sprint4.Task5.V2.csproj", "{FDC6768A-984D-4AC7-A942-CFF078284F35}"
EndProject
Project("{FAE04EC0-301F-11D3-BF4B-00C04F79EFBC}") = "Tyuiu.AndreevIA.Sprint4.Task5.V2.Lib", "Tyuiu.AndreevIA.Sprint4.Task5.V2.Lib\Tyuiu.AndreevIA.Sprint4.Task5.V2.Lib.csproj", "{678E4587-6F8E-4FD2-AAD5-3662DD782C6C}"
EndProject
Project("{FAE04EC0-301F-11D3-BF4B-00C04F79EFBC}") = "Tyuiu.AndreevIA.Sprint4.Task5.V2.Test", "Tyuiu.AndreevIA.Sprint4.Task5.V2.Test\Tyuiu.AndreevIA.Sprint4.Task5.V2.Test.csproj", "{0A9A9D6F-7ADF-41BD-A551-3E88BE75ED08}"
EndProject
Global
	GlobalSection(SolutionConfigurationPlatforms) = preSolution
		Debug|Any CPU = Debug|Any CPU
		Release|Any CPU = Release|Any CPU
	EndGlobalSection
	GlobalSection(ProjectConfigurationPlatforms) = postSolution
		{12C907CE-3DE7-4960-9206-27E184655A9D}.Debug|Any CPU.ActiveCfg = Debug|Any CPU
		{12C907CE-3DE7-4960-9206-27E184655A9D}.Debug|Any CPU.Build.0 = Debug|Any CPU
		{12C907CE-3DE7-4960-9206-27E184655A9D}.Release|Any CPU.ActiveCfg = Release|Any CPU
		{12C907CE-3DE7-4960-9206-27E184655A9D}.Release|Any CPU.Build.0 = Release|Any CPU
		{A22018C6-FE9E-4007-95C0-F2242CBC295A}.Debug|Any CPU.ActiveCfg = Debug|Any CPU
		{A22018C6-FE9E-4007-95C0-F2242CBC295A}.Debug|Any CPU.Build.0 = Debug|Any CPU
		{A22018C6-FE9E-4007-95C0-F2242CBC295A}.Release|Any CPU.ActiveCfg = Release|Any CPU
		{A22018C6-FE9E-4007-95C0-F2242CBC295A}.Release|Any CPU.Build.0 = Release|Any CPU
		{A841E393-FC39-4A89-85A4-5D96885974B7}.Debug|Any CPU.ActiveCfg = Debug|Any CPU
		{A841E393-FC39-4A89-85A4-5D96885974B7}.Debug|Any CPU.Build.0 = Debug|Any CPU
		{A841E393-FC39-4A89-85A4-5D96885974B7}.Release|Any CPU.ActiveCfg = Release|Any CPU
		{A841E393-FC39-4A89-85A4-5D96885974B7}.Release|Any CPU.Build.0 = Release|Any CPU
		{964DD2AD-0DEA-4F06-8D2E-EAF253DD7BE1}.Debug|Any CPU.ActiveCfg = Debug|Any CPU
		{964DD2AD-0DEA-4F06-8D2E-EAF253DD7BE1}.Debug|Any CPU.Build.0 = Debug|Any CPU
		{964DD2AD-0DEA-4F06-8D2E-EAF253DD7BE1}.Release|Any CPU.ActiveCfg = Release|Any CPU
		{964DD2AD-0DEA-4F06-8D2E-EAF253DD7BE1}.Release|Any CPU.Build.0 = Release|Any CPU
		{FA336BFD-4474-4BB1-96CC-56DD172AB5FE}.Debug|Any CPU.ActiveCfg = Debug|Any CPU
		{FA336BFD-4474-4BB1-96CC-56DD172AB5FE}.Debug|Any CPU.Build.0 = Debug|Any CPU
		{FA336BFD-4474-4BB1-96CC-56DD172AB5FE}.Release|Any CPU.ActiveCfg = Release|Any CPU
		{FA336BFD-4474-4BB1-96CC-56DD172AB5FE}.Release|Any CPU.Build.0 = Release|Any CPU
		{FFE306F4-EBC4-4D0C-9C19-3DF25B171283}.Debug|Any CPU.ActiveCfg = Debug|Any CPU
		{FFE306F4-EBC4-4D0C-9C19-3DF25B171283}.Debug|Any CPU.Build.0 = Debug|Any CPU
		{FFE306F4-EBC4-4D0C-9C19-3DF25B171283}.Release|Any CPU.ActiveCfg = Release|Any CPU
		{FFE306F4-EBC4-4D0C-9C19-3DF25B171283}.Release|Any CPU.Build.0 = Release|Any CPU
		{658B238D-8BAA-4740-8A41-EF2166BBFE91}.Debug|Any CPU.ActiveCfg = Debug|Any CPU
		{658B238D-8BAA-4740-8A41-EF2166BBFE91}.Debug|Any CPU.Build.0 = Debug|Any CPU
		{658B238D-8BAA-4740-8A41-EF2166BBFE91}.Release|Any CPU.ActiveCfg = Release|Any CPU
		{658B238D-8BAA-4740-8A41-EF2166BBFE91}.Release|Any CPU.Build.0 = Release|Any CPU
		{775F3EA0-A875-4C4E-B89D-20A523073B2A}.Debug|Any CPU.ActiveCfg = Debug|Any CPU
		{775F3EA0-A875-4C4E-B89D-20A523073B2A}.Debug|Any CPU.Build.0 = Debug|Any CPU
		{775F3EA0-A875-4C4E-B89D-20A523073B2A}.Release|Any CPU.ActiveCfg = Release|Any CPU
		{775F3EA0-A875-4C4E-B89D-20A523073B2A}.Release|Any CPU.Build.0 = Release|Any CPU
		{B9268E74-39A1-4D34-A11A-B3AC226A8CE1}.Debug|Any CPU.ActiveCfg = Debug|Any CPU
		{B9268E74-39A1-4D34-A11A-B3AC226A8CE1}.Debug|Any CPU.Build.0 = Debug|Any CPU
		{B9268E74-39A1-4D34-A11A-B3AC226A8CE1}.Release|Any CPU.ActiveCfg = Release|Any CPU
		{B9268E74-39A1-4D34-A11A-B3AC226A8CE1}.Release|Any CPU.Build.0 = Release|Any CPU
		{888900E0-CCBC-40E9-B8BC-C85405A1A3B3}.Debug|Any CPU.ActiveCfg = Debug|Any CPU
		{888900E0-CCBC-40E9-B8BC-C85405A1A3B3}.Debug|Any CPU.Build.0 = Debug|Any CPU
		{888900E0-CCBC-40E9-B8BC-C85405A1A3B3}.Release|Any CPU.ActiveCfg = Release|Any CPU
		{888900E0-CCBC-40E9-B8BC-C85405A1A3B3}.Release|Any CPU.Build.0 = Release|Any CPU
		{E8238736-7066-4A49-88E2-A6FBE32A7596}.Debug|Any CPU.ActiveCfg = Debug|Any CPU
		{E8238736-7066-4A49-88E2-A6FBE32A7596}.Debug|Any CPU.Build.0 = Debug|Any CPU
		{E8238736-7066-4A49-88E2-A6FBE32A7596}.Release|Any CPU.ActiveCfg = Release|Any CPU
		{E8238736-7066-4A49-88E2-A6FBE32A7596}.Release|Any CPU.Build.0 = Release|Any CPU
		{03F9CEB4-A4F4-4C43-8A44-03E975A29312}.Debug|Any CPU.ActiveCfg = Debug|Any CPU
		{03F9CEB4-A4F4-4C43-8A44-03E975A29312}.Debug|Any CPU.Build.0 = Debug|Any CPU
		{03F9CEB4-A4F4-4C43-8A44-03E975A29312}.Release|Any CPU.ActiveCfg = Release|Any CPU
		{03F9CEB4-A4F4-4C43-8A44-03E975A29312}.Release|Any CPU.Build.0 = Release|Any CPU
		{DAA3BE55-409A-4F0A-B800-07A1525616C7}.Debug|Any CPU.ActiveCfg = Debug|Any CPU
		{DAA3BE55-409A-4F0A-B800-07A1525616C7}.Debug|Any CPU.Build.0 = Debug|Any CPU
		{DAA3BE55-409A-4F0A-B800-07A1525616C7}.Release|Any CPU.ActiveCfg = Release|Any CPU
		{DAA3BE55-409A-4F0A-B800-07A1525616C7}.Release|Any CPU.Build.0 = Release|Any CPU
		{75B0AE8C-CDC6-4B21-9DC3-3AF23A1F418D}.Debug|Any CPU.ActiveCfg = Debug|Any CPU
		{75B0AE8C-CDC6-4B21-9DC3-3AF23A1F418D}.Debug|Any CPU.Build.0 = Debug|Any CPU
		{75B0AE8C-CDC6-4B21-9DC3-3AF23A1F418D}.Release|Any CPU.ActiveCfg = Release|Any CPU
		{75B0AE8C-CDC6-4B21-9DC3-3AF23A1F418D}.Release|Any CPU.Build.0 = Release|Any CPU
		{D5C2C7C4-50B7-43B6-8FE7-4AF7EBDE74D9}.Debug|Any CPU.ActiveCfg = Debug|Any CPU
		{D5C2C7C4-50B7-43B6-8FE7-4AF7EBDE74D9}.Debug|Any CPU.Build.0 = Debug|Any CPU
		{D5C2C7C4-50B7-43B6-8FE7-4AF7EBDE74D9}.Release|Any CPU.ActiveCfg = Release|Any CPU
		{D5C2C7C4-50B7-43B6-8FE7-4AF7EBDE74D9}.Release|Any CPU.Build.0 = Release|Any CPU
		{FDC6768A-984D-4AC7-A942-CFF078284F35}.Debug|Any CPU.ActiveCfg = Debug|Any CPU
		{FDC6768A-984D-4AC7-A942-CFF078284F35}.Debug|Any CPU.Build.0 = Debug|Any CPU
		{FDC6768A-984D-4AC7-A942-CFF078284F35}.Release|Any CPU.ActiveCfg = Release|Any CPU
		{FDC6768A-984D-4AC7-A942-CFF078284F35}.Release|Any CPU.Build.0 = Release|Any CPU
		{678E4587-6F8E-4FD2-AAD5-3662DD782C6C}.Debug|Any CPU.ActiveCfg = Debug|Any CPU
		{678E4587-6F8E-4FD2-AAD5-3662DD782C6C}.Debug|Any CPU.Build.0 = Debug|Any CPU
		{678E4587-6F8E-4FD2-AAD5-3662DD782C6C}.Release|Any CPU.ActiveCfg = Release|Any CPU
		{678E4587-6F8E-4FD2-AAD5-3662DD782C6C}.Release|Any CPU.Build.0 = Release|Any CPU
		{0A9A9D6F-7ADF-41BD-A551-3E88BE75ED08}.Debug|Any CPU.ActiveCfg = Debug|Any CPU
		{0A9A9D6F-7ADF-41BD-A551-3E88BE75ED08}.Debug|Any CPU.Build.0 = Debug|Any CPU
		{0A9A9D6F-7ADF-41BD-A551-3E88BE75ED08}.Release|Any CPU.ActiveCfg = Release|Any CPU
		{0A9A9D6F-7ADF-41BD-A551-3E88BE75ED08}.Release|Any CPU.Build.0 = Release|Any CPU
	EndGlobalSection
	GlobalSection(SolutionProperties) = preSolution
		HideSolutionNode = FALSE
	EndGlobalSection
	GlobalSection(NestedProjects) = preSolution
		{12C907CE-3DE7-4960-9206-27E184655A9D} = {C4FD0697-417C-440A-ADF3-8B4E10AF30FA}
		{A22018C6-FE9E-4007-95C0-F2242CBC295A} = {C4FD0697-417C-440A-ADF3-8B4E10AF30FA}
		{A841E393-FC39-4A89-85A4-5D96885974B7} = {C4FD0697-417C-440A-ADF3-8B4E10AF30FA}
		{964DD2AD-0DEA-4F06-8D2E-EAF253DD7BE1} = {02EA681E-C7D8-13C7-8484-4AC65E1B71E8}
		{FA336BFD-4474-4BB1-96CC-56DD172AB5FE} = {02EA681E-C7D8-13C7-8484-4AC65E1B71E8}
		{FFE306F4-EBC4-4D0C-9C19-3DF25B171283} = {02EA681E-C7D8-13C7-8484-4AC65E1B71E8}
		{658B238D-8BAA-4740-8A41-EF2166BBFE91} = {711C6668-E691-4E6D-8612-39BA687A2396}
		{775F3EA0-A875-4C4E-B89D-20A523073B2A} = {711C6668-E691-4E6D-8612-39BA687A2396}
		{B9268E74-39A1-4D34-A11A-B3AC226A8CE1} = {711C6668-E691-4E6D-8612-39BA687A2396}
		{888900E0-CCBC-40E9-B8BC-C85405A1A3B3} = {A2C20E0A-E7A0-4DDF-A538-2410F5363BB1}
		{E8238736-7066-4A49-88E2-A6FBE32A7596} = {A2C20E0A-E7A0-4DDF-A538-2410F5363BB1}
		{03F9CEB4-A4F4-4C43-8A44-03E975A29312} = {A2C20E0A-E7A0-4DDF-A538-2410F5363BB1}
		{DAA3BE55-409A-4F0A-B800-07A1525616C7} = {E0FCB5FF-BCDE-4DF6-AD6E-079959C07D33}
		{75B0AE8C-CDC6-4B21-9DC3-3AF23A1F418D} = {E0FCB5FF-BCDE-4DF6-AD6E-079959C07D33}
		{D5C2C7C4-50B7-43B6-8FE7-4AF7EBDE74D9} = {E0FCB5FF-BCDE-4DF6-AD6E-079959C07D33}
		{FDC6768A-984D-4AC7-A942-CFF078284F35} = {DC32414C-A076-42DA-A7A8-8B53D386417C}
		{678E4587-6F8E-4FD2-AAD5-3662DD782C6C} = {DC32414C-A076-42DA-A7A8-8B53D386417C}
		{0A9A9D6F-7ADF-41BD-A551-3E88BE75ED08} = {DC32414C-A076-42DA-A7A8-8B53D386417C}
	EndGlobalSection
	GlobalSection(ExtensibilityGlobals) = postSolution
		SolutionGuid = {B2E47AA6-9FA9-4C12-BAB2-BC7795799B7C}
	EndGlobalSection
EndGlobal
